// !$*UTF8*$!
{
	archiveVersion = 1;
	classes = {
	};
	objectVersion = 56;
	objects = {

/* Begin PBXBuildFile section */
		1E0A3B9C2B71A44E00C173FB /* RenameSheet.swift in Sources */ = {isa = PBXBuildFile; fileRef = 1E0A3B9B2B71A44E00C173FB /* RenameSheet.swift */; };
		1E0CED762B6BEA74000D9B6C /* HighlightedTextView.swift in Sources */ = {isa = PBXBuildFile; fileRef = 1E0CED752B6BEA74000D9B6C /* HighlightedTextView.swift */; };
		1E0DFD202BA8C56000A5BD90 /* AnalyticService.swift in Sources */ = {isa = PBXBuildFile; fileRef = 1E0DFD1F2BA8C56000A5BD90 /* AnalyticService.swift */; };
		1E0DFD262BA8D49400A5BD90 /* Mixpanel in Frameworks */ = {isa = PBXBuildFile; productRef = 1E0DFD252BA8D49400A5BD90 /* Mixpanel */; };
		1E0E8BC22B6DC6D20006C558 /* LibraryViewModel.swift in Sources */ = {isa = PBXBuildFile; fileRef = 1E0E8BC12B6DC6D20006C558 /* LibraryViewModel.swift */; };
		1E0E8BC62B6DCFDA0006C558 /* DatabaseService.swift in Sources */ = {isa = PBXBuildFile; fileRef = 1E0E8BC52B6DCFDA0006C558 /* DatabaseService.swift */; };
		1E28DBAB2B80B60400B52A01 /* AboutAppView.swift in Sources */ = {isa = PBXBuildFile; fileRef = 1E28DBAA2B80B60400B52A01 /* AboutAppView.swift */; };
		1E28DBAD2B80B9B200B52A01 /* TextToSpeechView.swift in Sources */ = {isa = PBXBuildFile; fileRef = 1E28DBAC2B80B9B200B52A01 /* TextToSpeechView.swift */; };
		1E28DBAF2B80BBB500B52A01 /* SettingsViewModel.swift in Sources */ = {isa = PBXBuildFile; fileRef = 1E28DBAE2B80BBB500B52A01 /* SettingsViewModel.swift */; };
		1E28DBB12B80D8F900B52A01 /* Constants.swift in Sources */ = {isa = PBXBuildFile; fileRef = 1E28DBB02B80D8F900B52A01 /* Constants.swift */; };
		1E28DBB32B80EB3D00B52A01 /* VoiceSelectorSheet.swift in Sources */ = {isa = PBXBuildFile; fileRef = 1E28DBB22B80EB3D00B52A01 /* VoiceSelectorSheet.swift */; };
		1E28DBB52B80F08700B52A01 /* WhatsNewView.swift in Sources */ = {isa = PBXBuildFile; fileRef = 1E28DBB42B80F08700B52A01 /* WhatsNewView.swift */; };
		1E28DBB82B81096000B52A01 /* AppTheme.swift in Sources */ = {isa = PBXBuildFile; fileRef = 1E28DBB72B81096000B52A01 /* AppTheme.swift */; };
		1E28DBBA2B81098B00B52A01 /* DisplayStyle.swift in Sources */ = {isa = PBXBuildFile; fileRef = 1E28DBB92B81098B00B52A01 /* DisplayStyle.swift */; };
		1E2B43EA2B6A9CCB000BBEF6 /* GridTileView.swift in Sources */ = {isa = PBXBuildFile; fileRef = 1E2B43E92B6A9CCB000BBEF6 /* GridTileView.swift */; };
		1E2B43EC2B6AFAF7000BBEF6 /* CustomSliderSheet.swift in Sources */ = {isa = PBXBuildFile; fileRef = 1E2B43EB2B6AFAF7000BBEF6 /* CustomSliderSheet.swift */; };
		1E2E9ED22BD826FE00E41CD3 /* Secrets-Info.plist in Resources */ = {isa = PBXBuildFile; fileRef = 1E2E9ED12BD826FE00E41CD3 /* Secrets-Info.plist */; };
		1E2E9ED62BD8278B00E41CD3 /* ApiKey.swift in Sources */ = {isa = PBXBuildFile; fileRef = 1E2E9ED52BD8278B00E41CD3 /* ApiKey.swift */; };
		1E3BF8E72B758FED001F87DB /* SettingsItem.swift in Sources */ = {isa = PBXBuildFile; fileRef = 1E3BF8E62B758FED001F87DB /* SettingsItem.swift */; };
		1E4DE45B2BA8F2040089D862 /* EnterTextView.swift in Sources */ = {isa = PBXBuildFile; fileRef = 1E4DE45A2BA8F2040089D862 /* EnterTextView.swift */; };
		1E60C4602B84C18D00F9EBCE /* WhatsNewModel.swift in Sources */ = {isa = PBXBuildFile; fileRef = 1E60C45F2B84C18D00F9EBCE /* WhatsNewModel.swift */; };
		1E6CF05F2B85657900CE4211 /* AppButton.swift in Sources */ = {isa = PBXBuildFile; fileRef = 1E6CF05E2B85657900CE4211 /* AppButton.swift */; };
		1E75D72A2B7037B900BC0051 /* FolderModel.swift in Sources */ = {isa = PBXBuildFile; fileRef = 1E75D7292B7037B900BC0051 /* FolderModel.swift */; };
		1E75D72C2B703A7800BC0051 /* CreateFolderSheet.swift in Sources */ = {isa = PBXBuildFile; fileRef = 1E75D72B2B703A7800BC0051 /* CreateFolderSheet.swift */; };
		1E75D72E2B7056BF00BC0051 /* EnterUrlSheet.swift in Sources */ = {isa = PBXBuildFile; fileRef = 1E75D72D2B7056BF00BC0051 /* EnterUrlSheet.swift */; };
		1E75D7322B706E0200BC0051 /* MoveFilesView.swift in Sources */ = {isa = PBXBuildFile; fileRef = 1E75D7312B706E0200BC0051 /* MoveFilesView.swift */; };
		1E75D7342B70724700BC0051 /* FolderView.swift in Sources */ = {isa = PBXBuildFile; fileRef = 1E75D7332B70724700BC0051 /* FolderView.swift */; };
		1E853D332B9C7AB400F2700A /* GoToPageSheet.swift in Sources */ = {isa = PBXBuildFile; fileRef = 1E853D322B9C7AB400F2700A /* GoToPageSheet.swift */; };
		1E9CA77D2B667091006DB304 /* ListTileView.swift in Sources */ = {isa = PBXBuildFile; fileRef = 1E9CA77C2B667091006DB304 /* ListTileView.swift */; };
		1E9CA7812B6679B1006DB304 /* SpeechScreen.swift in Sources */ = {isa = PBXBuildFile; fileRef = 1E9CA7802B6679B1006DB304 /* SpeechScreen.swift */; };
		1E9CA7832B668AF4006DB304 /* Extentions.swift in Sources */ = {isa = PBXBuildFile; fileRef = 1E9CA7822B668AF4006DB304 /* Extentions.swift */; };
		1EA3A8662B5BDDA400B1024F /* ReadApp.swift in Sources */ = {isa = PBXBuildFile; fileRef = 1EA3A8652B5BDDA400B1024F /* ReadApp.swift */; };
		1EA3A8682B5BDDA400B1024F /* ContentView.swift in Sources */ = {isa = PBXBuildFile; fileRef = 1EA3A8672B5BDDA400B1024F /* ContentView.swift */; };
		1EA3A86C2B5BDDA500B1024F /* Assets.xcassets in Resources */ = {isa = PBXBuildFile; fileRef = 1EA3A86B2B5BDDA500B1024F /* Assets.xcassets */; };
		1EA3A86F2B5BDDA500B1024F /* Preview Assets.xcassets in Resources */ = {isa = PBXBuildFile; fileRef = 1EA3A86E2B5BDDA500B1024F /* Preview Assets.xcassets */; };
		1EA3A8792B5BDDA500B1024F /* ReadTests.swift in Sources */ = {isa = PBXBuildFile; fileRef = 1EA3A8782B5BDDA500B1024F /* ReadTests.swift */; };
		1EA3A8832B5BDDA500B1024F /* ReadUITests.swift in Sources */ = {isa = PBXBuildFile; fileRef = 1EA3A8822B5BDDA500B1024F /* ReadUITests.swift */; };
		1EA3A8852B5BDDA500B1024F /* ReadUITestsLaunchTests.swift in Sources */ = {isa = PBXBuildFile; fileRef = 1EA3A8842B5BDDA500B1024F /* ReadUITestsLaunchTests.swift */; };
		1EA3A89D2B5BE31B00B1024F /* AppStateService.swift in Sources */ = {isa = PBXBuildFile; fileRef = 1EA3A89C2B5BE31B00B1024F /* AppStateService.swift */; };
		1EA3A8A12B5BE68800B1024F /* SnackbarComponent.swift in Sources */ = {isa = PBXBuildFile; fileRef = 1EA3A8A02B5BE68800B1024F /* SnackbarComponent.swift */; };
		1EA3A8A72B5BE9AC00B1024F /* Symbols.swift in Sources */ = {isa = PBXBuildFile; fileRef = 1EA3A8A62B5BE9AC00B1024F /* Symbols.swift */; };
		1EA3A8AD2B5BED9C00B1024F /* HomeView.swift in Sources */ = {isa = PBXBuildFile; fileRef = 1EA3A8AC2B5BED9C00B1024F /* HomeView.swift */; };
		1EA3A8B02B5BEDB600B1024F /* LibraryView.swift in Sources */ = {isa = PBXBuildFile; fileRef = 1EA3A8AF2B5BEDB600B1024F /* LibraryView.swift */; };
		1EA3A8B32B5BEDD500B1024F /* SettingsView.swift in Sources */ = {isa = PBXBuildFile; fileRef = 1EA3A8B22B5BEDD500B1024F /* SettingsView.swift */; };
		1EA3A8BF2B5C05DE00B1024F /* Routes.swift in Sources */ = {isa = PBXBuildFile; fileRef = 1EA3A8BE2B5C05DE00B1024F /* Routes.swift */; };
		1EA3A8C12B5C0B5000B1024F /* Router.swift in Sources */ = {isa = PBXBuildFile; fileRef = 1EA3A8C02B5C0B5000B1024F /* Router.swift */; };
		1EA3A8C32B5C185600B1024F /* AppearanceView.swift in Sources */ = {isa = PBXBuildFile; fileRef = 1EA3A8C22B5C185600B1024F /* AppearanceView.swift */; };
		1EA862C02B61C5CC00F459EC /* SwiftSoup in Frameworks */ = {isa = PBXBuildFile; productRef = 1EA862BF2B61C5CC00F459EC /* SwiftSoup */; };
		1EB92D7E2B71216500CD5FCF /* DefaultToolBar.swift in Sources */ = {isa = PBXBuildFile; fileRef = 1EB92D7D2B71216500CD5FCF /* DefaultToolBar.swift */; };
		1EC4949E2B6E6EC700058BAF /* FileModel.swift in Sources */ = {isa = PBXBuildFile; fileRef = 1EC4949D2B6E6EC700058BAF /* FileModel.swift */; };
		1EC4DEFB2B8A2CC40047C1DF /* WaveForm.swift in Sources */ = {isa = PBXBuildFile; fileRef = 1EC4DEFA2B8A2CC40047C1DF /* WaveForm.swift */; };
		1EDE7C7B2B6FE7E600D50213 /* SelectingToolBar.swift in Sources */ = {isa = PBXBuildFile; fileRef = 1EDE7C7A2B6FE7E600D50213 /* SelectingToolBar.swift */; };
		1EE20C7C2B62828000104CC7 /* TextParser.swift in Sources */ = {isa = PBXBuildFile; fileRef = 1EE20C7B2B62828000104CC7 /* TextParser.swift */; };
		1EE20C7E2B62831300104CC7 /* SpeechService.swift in Sources */ = {isa = PBXBuildFile; fileRef = 1EE20C7D2B62831300104CC7 /* SpeechService.swift */; };
		1EE20C802B62892D00104CC7 /* PlayerView.swift in Sources */ = {isa = PBXBuildFile; fileRef = 1EE20C7F2B62892D00104CC7 /* PlayerView.swift */; };
		1EE9A1E32BA9B128002F5745 /* TextFieldView.swift in Sources */ = {isa = PBXBuildFile; fileRef = 1EE9A1E22BA9B128002F5745 /* TextFieldView.swift */; };
		1EF5B91F2B8B9A7900116C68 /* NotificationService.swift in Sources */ = {isa = PBXBuildFile; fileRef = 1EF5B91E2B8B9A7900116C68 /* NotificationService.swift */; };
		1EFDBCA72BCA75F3006A86BC /* GoogleGenerativeAI in Frameworks */ = {isa = PBXBuildFile; productRef = 1EFDBCA62BCA75F3006A86BC /* GoogleGenerativeAI */; };
		1EFDBCA92BCA8317006A86BC /* LoaderComponent.swift in Sources */ = {isa = PBXBuildFile; fileRef = 1EFDBCA82BCA8317006A86BC /* LoaderComponent.swift */; };
		1EFDBCAB2BCA8EAC006A86BC /* ReadError.swift in Sources */ = {isa = PBXBuildFile; fileRef = 1EFDBCAA2BCA8EAC006A86BC /* ReadError.swift */; };
/* End PBXBuildFile section */

/* Begin PBXContainerItemProxy section */
		1EA3A8752B5BDDA500B1024F /* PBXContainerItemProxy */ = {
			isa = PBXContainerItemProxy;
			containerPortal = 1EA3A85A2B5BDDA400B1024F /* Project object */;
			proxyType = 1;
			remoteGlobalIDString = 1EA3A8612B5BDDA400B1024F;
			remoteInfo = Read;
		};
		1EA3A87F2B5BDDA500B1024F /* PBXContainerItemProxy */ = {
			isa = PBXContainerItemProxy;
			containerPortal = 1EA3A85A2B5BDDA400B1024F /* Project object */;
			proxyType = 1;
			remoteGlobalIDString = 1EA3A8612B5BDDA400B1024F;
			remoteInfo = Read;
		};
/* End PBXContainerItemProxy section */

/* Begin PBXFileReference section */
		1E0A3B9B2B71A44E00C173FB /* RenameSheet.swift */ = {isa = PBXFileReference; lastKnownFileType = sourcecode.swift; path = RenameSheet.swift; sourceTree = "<group>"; };
		1E0CED752B6BEA74000D9B6C /* HighlightedTextView.swift */ = {isa = PBXFileReference; lastKnownFileType = sourcecode.swift; path = HighlightedTextView.swift; sourceTree = "<group>"; };
		1E0DFD1F2BA8C56000A5BD90 /* AnalyticService.swift */ = {isa = PBXFileReference; lastKnownFileType = sourcecode.swift; path = AnalyticService.swift; sourceTree = "<group>"; };
		1E0E8BC12B6DC6D20006C558 /* LibraryViewModel.swift */ = {isa = PBXFileReference; lastKnownFileType = sourcecode.swift; path = LibraryViewModel.swift; sourceTree = "<group>"; };
		1E0E8BC52B6DCFDA0006C558 /* DatabaseService.swift */ = {isa = PBXFileReference; lastKnownFileType = sourcecode.swift; path = DatabaseService.swift; sourceTree = "<group>"; };
		1E28DBAA2B80B60400B52A01 /* AboutAppView.swift */ = {isa = PBXFileReference; lastKnownFileType = sourcecode.swift; path = AboutAppView.swift; sourceTree = "<group>"; };
		1E28DBAC2B80B9B200B52A01 /* TextToSpeechView.swift */ = {isa = PBXFileReference; lastKnownFileType = sourcecode.swift; path = TextToSpeechView.swift; sourceTree = "<group>"; };
		1E28DBAE2B80BBB500B52A01 /* SettingsViewModel.swift */ = {isa = PBXFileReference; lastKnownFileType = sourcecode.swift; path = SettingsViewModel.swift; sourceTree = "<group>"; };
		1E28DBB02B80D8F900B52A01 /* Constants.swift */ = {isa = PBXFileReference; lastKnownFileType = sourcecode.swift; path = Constants.swift; sourceTree = "<group>"; };
		1E28DBB22B80EB3D00B52A01 /* VoiceSelectorSheet.swift */ = {isa = PBXFileReference; lastKnownFileType = sourcecode.swift; path = VoiceSelectorSheet.swift; sourceTree = "<group>"; };
		1E28DBB42B80F08700B52A01 /* WhatsNewView.swift */ = {isa = PBXFileReference; lastKnownFileType = sourcecode.swift; path = WhatsNewView.swift; sourceTree = "<group>"; };
		1E28DBB72B81096000B52A01 /* AppTheme.swift */ = {isa = PBXFileReference; lastKnownFileType = sourcecode.swift; path = AppTheme.swift; sourceTree = "<group>"; };
		1E28DBB92B81098B00B52A01 /* DisplayStyle.swift */ = {isa = PBXFileReference; lastKnownFileType = sourcecode.swift; path = DisplayStyle.swift; sourceTree = "<group>"; };
		1E2B43E92B6A9CCB000BBEF6 /* GridTileView.swift */ = {isa = PBXFileReference; lastKnownFileType = sourcecode.swift; path = GridTileView.swift; sourceTree = "<group>"; };
		1E2B43EB2B6AFAF7000BBEF6 /* CustomSliderSheet.swift */ = {isa = PBXFileReference; lastKnownFileType = sourcecode.swift; path = CustomSliderSheet.swift; sourceTree = "<group>"; };
		1E2E9ED12BD826FE00E41CD3 /* Secrets-Info.plist */ = {isa = PBXFileReference; lastKnownFileType = text.plist.xml; path = "Secrets-Info.plist"; sourceTree = "<group>"; };
		1E2E9ED52BD8278B00E41CD3 /* ApiKey.swift */ = {isa = PBXFileReference; lastKnownFileType = sourcecode.swift; path = ApiKey.swift; sourceTree = "<group>"; };
		1E3BF8E62B758FED001F87DB /* SettingsItem.swift */ = {isa = PBXFileReference; lastKnownFileType = sourcecode.swift; path = SettingsItem.swift; sourceTree = "<group>"; };
		1E4DE45A2BA8F2040089D862 /* EnterTextView.swift */ = {isa = PBXFileReference; lastKnownFileType = sourcecode.swift; path = EnterTextView.swift; sourceTree = "<group>"; };
		1E60C45F2B84C18D00F9EBCE /* WhatsNewModel.swift */ = {isa = PBXFileReference; lastKnownFileType = sourcecode.swift; path = WhatsNewModel.swift; sourceTree = "<group>"; };
		1E6CF05E2B85657900CE4211 /* AppButton.swift */ = {isa = PBXFileReference; lastKnownFileType = sourcecode.swift; path = AppButton.swift; sourceTree = "<group>"; };
		1E75D7292B7037B900BC0051 /* FolderModel.swift */ = {isa = PBXFileReference; lastKnownFileType = sourcecode.swift; path = FolderModel.swift; sourceTree = "<group>"; };
		1E75D72B2B703A7800BC0051 /* CreateFolderSheet.swift */ = {isa = PBXFileReference; lastKnownFileType = sourcecode.swift; path = CreateFolderSheet.swift; sourceTree = "<group>"; };
		1E75D72D2B7056BF00BC0051 /* EnterUrlSheet.swift */ = {isa = PBXFileReference; lastKnownFileType = sourcecode.swift; path = EnterUrlSheet.swift; sourceTree = "<group>"; };
		1E75D7312B706E0200BC0051 /* MoveFilesView.swift */ = {isa = PBXFileReference; lastKnownFileType = sourcecode.swift; path = MoveFilesView.swift; sourceTree = "<group>"; };
		1E75D7332B70724700BC0051 /* FolderView.swift */ = {isa = PBXFileReference; lastKnownFileType = sourcecode.swift; path = FolderView.swift; sourceTree = "<group>"; };
		1E853D322B9C7AB400F2700A /* GoToPageSheet.swift */ = {isa = PBXFileReference; lastKnownFileType = sourcecode.swift; path = GoToPageSheet.swift; sourceTree = "<group>"; };
		1E9CA77C2B667091006DB304 /* ListTileView.swift */ = {isa = PBXFileReference; lastKnownFileType = sourcecode.swift; path = ListTileView.swift; sourceTree = "<group>"; };
		1E9CA7802B6679B1006DB304 /* SpeechScreen.swift */ = {isa = PBXFileReference; lastKnownFileType = sourcecode.swift; path = SpeechScreen.swift; sourceTree = "<group>"; };
		1E9CA7822B668AF4006DB304 /* Extentions.swift */ = {isa = PBXFileReference; lastKnownFileType = sourcecode.swift; path = Extentions.swift; sourceTree = "<group>"; };
		1EA3A8622B5BDDA400B1024F /* Read.app */ = {isa = PBXFileReference; explicitFileType = wrapper.application; includeInIndex = 0; path = Read.app; sourceTree = BUILT_PRODUCTS_DIR; };
		1EA3A8652B5BDDA400B1024F /* ReadApp.swift */ = {isa = PBXFileReference; lastKnownFileType = sourcecode.swift; path = ReadApp.swift; sourceTree = "<group>"; };
		1EA3A8672B5BDDA400B1024F /* ContentView.swift */ = {isa = PBXFileReference; lastKnownFileType = sourcecode.swift; path = ContentView.swift; sourceTree = "<group>"; };
		1EA3A86B2B5BDDA500B1024F /* Assets.xcassets */ = {isa = PBXFileReference; lastKnownFileType = folder.assetcatalog; path = Assets.xcassets; sourceTree = "<group>"; };
		1EA3A86E2B5BDDA500B1024F /* Preview Assets.xcassets */ = {isa = PBXFileReference; lastKnownFileType = folder.assetcatalog; path = "Preview Assets.xcassets"; sourceTree = "<group>"; };
		1EA3A8742B5BDDA500B1024F /* ReadTests.xctest */ = {isa = PBXFileReference; explicitFileType = wrapper.cfbundle; includeInIndex = 0; path = ReadTests.xctest; sourceTree = BUILT_PRODUCTS_DIR; };
		1EA3A8782B5BDDA500B1024F /* ReadTests.swift */ = {isa = PBXFileReference; lastKnownFileType = sourcecode.swift; path = ReadTests.swift; sourceTree = "<group>"; };
		1EA3A87E2B5BDDA500B1024F /* ReadUITests.xctest */ = {isa = PBXFileReference; explicitFileType = wrapper.cfbundle; includeInIndex = 0; path = ReadUITests.xctest; sourceTree = BUILT_PRODUCTS_DIR; };
		1EA3A8822B5BDDA500B1024F /* ReadUITests.swift */ = {isa = PBXFileReference; lastKnownFileType = sourcecode.swift; path = ReadUITests.swift; sourceTree = "<group>"; };
		1EA3A8842B5BDDA500B1024F /* ReadUITestsLaunchTests.swift */ = {isa = PBXFileReference; lastKnownFileType = sourcecode.swift; path = ReadUITestsLaunchTests.swift; sourceTree = "<group>"; };
		1EA3A89C2B5BE31B00B1024F /* AppStateService.swift */ = {isa = PBXFileReference; lastKnownFileType = sourcecode.swift; path = AppStateService.swift; sourceTree = "<group>"; };
		1EA3A8A02B5BE68800B1024F /* SnackbarComponent.swift */ = {isa = PBXFileReference; lastKnownFileType = sourcecode.swift; path = SnackbarComponent.swift; sourceTree = "<group>"; };
		1EA3A8A62B5BE9AC00B1024F /* Symbols.swift */ = {isa = PBXFileReference; lastKnownFileType = sourcecode.swift; path = Symbols.swift; sourceTree = "<group>"; };
		1EA3A8AC2B5BED9C00B1024F /* HomeView.swift */ = {isa = PBXFileReference; lastKnownFileType = sourcecode.swift; path = HomeView.swift; sourceTree = "<group>"; };
		1EA3A8AF2B5BEDB600B1024F /* LibraryView.swift */ = {isa = PBXFileReference; lastKnownFileType = sourcecode.swift; path = LibraryView.swift; sourceTree = "<group>"; };
		1EA3A8B22B5BEDD500B1024F /* SettingsView.swift */ = {isa = PBXFileReference; lastKnownFileType = sourcecode.swift; path = SettingsView.swift; sourceTree = "<group>"; };
		1EA3A8BE2B5C05DE00B1024F /* Routes.swift */ = {isa = PBXFileReference; lastKnownFileType = sourcecode.swift; path = Routes.swift; sourceTree = "<group>"; };
		1EA3A8C02B5C0B5000B1024F /* Router.swift */ = {isa = PBXFileReference; lastKnownFileType = sourcecode.swift; path = Router.swift; sourceTree = "<group>"; };
		1EA3A8C22B5C185600B1024F /* AppearanceView.swift */ = {isa = PBXFileReference; lastKnownFileType = sourcecode.swift; path = AppearanceView.swift; sourceTree = "<group>"; };
		1EAE77ED2B91472400DC0855 /* Info.plist */ = {isa = PBXFileReference; lastKnownFileType = text.plist; path = Info.plist; sourceTree = "<group>"; };
		1EB92D7D2B71216500CD5FCF /* DefaultToolBar.swift */ = {isa = PBXFileReference; lastKnownFileType = sourcecode.swift; path = DefaultToolBar.swift; sourceTree = "<group>"; };
		1EC4949D2B6E6EC700058BAF /* FileModel.swift */ = {isa = PBXFileReference; lastKnownFileType = sourcecode.swift; path = FileModel.swift; sourceTree = "<group>"; };
		1EC4DEFA2B8A2CC40047C1DF /* WaveForm.swift */ = {isa = PBXFileReference; lastKnownFileType = sourcecode.swift; path = WaveForm.swift; sourceTree = "<group>"; };
		1EDE7C7A2B6FE7E600D50213 /* SelectingToolBar.swift */ = {isa = PBXFileReference; lastKnownFileType = sourcecode.swift; path = SelectingToolBar.swift; sourceTree = "<group>"; };
		1EE20C7B2B62828000104CC7 /* TextParser.swift */ = {isa = PBXFileReference; lastKnownFileType = sourcecode.swift; path = TextParser.swift; sourceTree = "<group>"; };
		1EE20C7D2B62831300104CC7 /* SpeechService.swift */ = {isa = PBXFileReference; lastKnownFileType = sourcecode.swift; path = SpeechService.swift; sourceTree = "<group>"; };
		1EE20C7F2B62892D00104CC7 /* PlayerView.swift */ = {isa = PBXFileReference; lastKnownFileType = sourcecode.swift; path = PlayerView.swift; sourceTree = "<group>"; };
		1EE9A1E22BA9B128002F5745 /* TextFieldView.swift */ = {isa = PBXFileReference; lastKnownFileType = sourcecode.swift; path = TextFieldView.swift; sourceTree = "<group>"; };
		1EF5B91E2B8B9A7900116C68 /* NotificationService.swift */ = {isa = PBXFileReference; lastKnownFileType = sourcecode.swift; path = NotificationService.swift; sourceTree = "<group>"; };
		1EFDBCA82BCA8317006A86BC /* LoaderComponent.swift */ = {isa = PBXFileReference; lastKnownFileType = sourcecode.swift; path = LoaderComponent.swift; sourceTree = "<group>"; };
		1EFDBCAA2BCA8EAC006A86BC /* ReadError.swift */ = {isa = PBXFileReference; lastKnownFileType = sourcecode.swift; path = ReadError.swift; sourceTree = "<group>"; };
/* End PBXFileReference section */

/* Begin PBXFrameworksBuildPhase section */
		1EA3A85F2B5BDDA400B1024F /* Frameworks */ = {
			isa = PBXFrameworksBuildPhase;
			buildActionMask = 2147483647;
			files = (
				1EFDBCA72BCA75F3006A86BC /* GoogleGenerativeAI in Frameworks */,
				1E0DFD262BA8D49400A5BD90 /* Mixpanel in Frameworks */,
				1EA862C02B61C5CC00F459EC /* SwiftSoup in Frameworks */,
			);
			runOnlyForDeploymentPostprocessing = 0;
		};
		1EA3A8712B5BDDA500B1024F /* Frameworks */ = {
			isa = PBXFrameworksBuildPhase;
			buildActionMask = 2147483647;
			files = (
			);
			runOnlyForDeploymentPostprocessing = 0;
		};
		1EA3A87B2B5BDDA500B1024F /* Frameworks */ = {
			isa = PBXFrameworksBuildPhase;
			buildActionMask = 2147483647;
			files = (
			);
			runOnlyForDeploymentPostprocessing = 0;
		};
/* End PBXFrameworksBuildPhase section */

/* Begin PBXGroup section */
		1E0E8BB62B6DC3B20006C558 /* Views */ = {
			isa = PBXGroup;
			children = (
				1E9CA77E2B66799F006DB304 /* Speech */,
				1EA3A8AA2B5BED7F00B1024F /* Setting */,
				1EA3A8A92B5BED7800B1024F /* Library */,
				1EA3A8A82B5BED7100B1024F /* Home */,
			);
			path = Views;
			sourceTree = "<group>";
		};
		1E0E8BB72B6DC3B80006C558 /* ViewModels */ = {
			isa = PBXGroup;
			children = (
				1E0E8BC12B6DC6D20006C558 /* LibraryViewModel.swift */,
				1E28DBAE2B80BBB500B52A01 /* SettingsViewModel.swift */,
			);
			path = ViewModels;
			sourceTree = "<group>";
		};
		1E0E8BB82B6DC3C30006C558 /* Components */ = {
			isa = PBXGroup;
			children = (
				1EA3A8A02B5BE68800B1024F /* SnackbarComponent.swift */,
				1EE20C7F2B62892D00104CC7 /* PlayerView.swift */,
				1E9CA77C2B667091006DB304 /* ListTileView.swift */,
				1E2B43E92B6A9CCB000BBEF6 /* GridTileView.swift */,
				1E2B43EB2B6AFAF7000BBEF6 /* CustomSliderSheet.swift */,
				1E3BF8E62B758FED001F87DB /* SettingsItem.swift */,
				1E28DBB22B80EB3D00B52A01 /* VoiceSelectorSheet.swift */,
				1E6CF05E2B85657900CE4211 /* AppButton.swift */,
				1EC4DEFA2B8A2CC40047C1DF /* WaveForm.swift */,
				1EE9A1E22BA9B128002F5745 /* TextFieldView.swift */,
				1EFDBCA82BCA8317006A86BC /* LoaderComponent.swift */,
			);
			path = Components;
			sourceTree = "<group>";
		};
		1E28DBB62B81094C00B52A01 /* Enums */ = {
			isa = PBXGroup;
			children = (
				1E28DBB72B81096000B52A01 /* AppTheme.swift */,
				1E28DBB92B81098B00B52A01 /* DisplayStyle.swift */,
				1EFDBCAA2BCA8EAC006A86BC /* ReadError.swift */,
				1E2E9ED52BD8278B00E41CD3 /* ApiKey.swift */,
			);
			path = Enums;
			sourceTree = "<group>";
		};
		1E9CA77E2B66799F006DB304 /* Speech */ = {
			isa = PBXGroup;
			children = (
				1E9CA7802B6679B1006DB304 /* SpeechScreen.swift */,
				1E0CED752B6BEA74000D9B6C /* HighlightedTextView.swift */,
				1E853D322B9C7AB400F2700A /* GoToPageSheet.swift */,
			);
			path = Speech;
			sourceTree = "<group>";
		};
		1EA3A8592B5BDDA400B1024F = {
			isa = PBXGroup;
			children = (
				1EA3A8642B5BDDA400B1024F /* Read */,
				1EA3A8772B5BDDA500B1024F /* ReadTests */,
				1EA3A8812B5BDDA500B1024F /* ReadUITests */,
				1EA3A8632B5BDDA400B1024F /* Products */,
			);
			sourceTree = "<group>";
		};
		1EA3A8632B5BDDA400B1024F /* Products */ = {
			isa = PBXGroup;
			children = (
				1EA3A8622B5BDDA400B1024F /* Read.app */,
				1EA3A8742B5BDDA500B1024F /* ReadTests.xctest */,
				1EA3A87E2B5BDDA500B1024F /* ReadUITests.xctest */,
			);
			name = Products;
			sourceTree = "<group>";
		};
		1EA3A8642B5BDDA400B1024F /* Read */ = {
			isa = PBXGroup;
			children = (
				1EAE77ED2B91472400DC0855 /* Info.plist */,
				1EA3A8932B5BE27600B1024F /* Resource */,
				1EA3A8922B5BE24B00B1024F /* Core */,
				1EA3A8912B5BE23500B1024F /* App */,
				1EA3A8652B5BDDA400B1024F /* ReadApp.swift */,
				1EA3A86D2B5BDDA500B1024F /* Preview Content */,
				1E2E9ED12BD826FE00E41CD3 /* Secrets-Info.plist */,
			);
			path = Read;
			sourceTree = "<group>";
		};
		1EA3A86D2B5BDDA500B1024F /* Preview Content */ = {
			isa = PBXGroup;
			children = (
				1EA3A86E2B5BDDA500B1024F /* Preview Assets.xcassets */,
			);
			path = "Preview Content";
			sourceTree = "<group>";
		};
		1EA3A8772B5BDDA500B1024F /* ReadTests */ = {
			isa = PBXGroup;
			children = (
				1EA3A8782B5BDDA500B1024F /* ReadTests.swift */,
			);
			path = ReadTests;
			sourceTree = "<group>";
		};
		1EA3A8812B5BDDA500B1024F /* ReadUITests */ = {
			isa = PBXGroup;
			children = (
				1EA3A8822B5BDDA500B1024F /* ReadUITests.swift */,
				1EA3A8842B5BDDA500B1024F /* ReadUITestsLaunchTests.swift */,
			);
			path = ReadUITests;
			sourceTree = "<group>";
		};
		1EA3A8912B5BE23500B1024F /* App */ = {
			isa = PBXGroup;
			children = (
				1EC4949B2B6E6E8B00058BAF /* Presentation */,
				1EC4949A2B6E6E8500058BAF /* Data */,
				1EA3A8672B5BDDA400B1024F /* ContentView.swift */,
			);
			path = App;
			sourceTree = "<group>";
		};
		1EA3A8922B5BE24B00B1024F /* Core */ = {
			isa = PBXGroup;
			children = (
				1E28DBB62B81094C00B52A01 /* Enums */,
				1EA3A8BD2B5C05CD00B1024F /* Route */,
				1EA3A8962B5BE2D500B1024F /* Util */,
				1EA3A8952B5BE2CD00B1024F /* Services */,
			);
			path = Core;
			sourceTree = "<group>";
		};
		1EA3A8932B5BE27600B1024F /* Resource */ = {
			isa = PBXGroup;
			children = (
				1EA3A86B2B5BDDA500B1024F /* Assets.xcassets */,
				1EA3A8A62B5BE9AC00B1024F /* Symbols.swift */,
			);
			path = Resource;
			sourceTree = "<group>";
		};
		1EA3A8952B5BE2CD00B1024F /* Services */ = {
			isa = PBXGroup;
			children = (
				1EA3A89C2B5BE31B00B1024F /* AppStateService.swift */,
				1EE20C7D2B62831300104CC7 /* SpeechService.swift */,
				1E0E8BC52B6DCFDA0006C558 /* DatabaseService.swift */,
				1EF5B91E2B8B9A7900116C68 /* NotificationService.swift */,
				1E0DFD1F2BA8C56000A5BD90 /* AnalyticService.swift */,
			);
			path = Services;
			sourceTree = "<group>";
		};
		1EA3A8962B5BE2D500B1024F /* Util */ = {
			isa = PBXGroup;
			children = (
				1EE20C7B2B62828000104CC7 /* TextParser.swift */,
				1E9CA7822B668AF4006DB304 /* Extentions.swift */,
				1E28DBB02B80D8F900B52A01 /* Constants.swift */,
			);
			path = Util;
			sourceTree = "<group>";
		};
		1EA3A8A82B5BED7100B1024F /* Home */ = {
			isa = PBXGroup;
			children = (
				1EA3A8AC2B5BED9C00B1024F /* HomeView.swift */,
				1E75D72D2B7056BF00BC0051 /* EnterUrlSheet.swift */,
				1E4DE45A2BA8F2040089D862 /* EnterTextView.swift */,
			);
			path = Home;
			sourceTree = "<group>";
		};
		1EA3A8A92B5BED7800B1024F /* Library */ = {
			isa = PBXGroup;
			children = (
				1EA3A8AF2B5BEDB600B1024F /* LibraryView.swift */,
				1EDE7C7A2B6FE7E600D50213 /* SelectingToolBar.swift */,
				1E75D72B2B703A7800BC0051 /* CreateFolderSheet.swift */,
				1E75D7312B706E0200BC0051 /* MoveFilesView.swift */,
				1E75D7332B70724700BC0051 /* FolderView.swift */,
				1EB92D7D2B71216500CD5FCF /* DefaultToolBar.swift */,
				1E0A3B9B2B71A44E00C173FB /* RenameSheet.swift */,
			);
			path = Library;
			sourceTree = "<group>";
		};
		1EA3A8AA2B5BED7F00B1024F /* Setting */ = {
			isa = PBXGroup;
			children = (
				1EA3A8B22B5BEDD500B1024F /* SettingsView.swift */,
				1EA3A8C22B5C185600B1024F /* AppearanceView.swift */,
				1E28DBAA2B80B60400B52A01 /* AboutAppView.swift */,
				1E28DBAC2B80B9B200B52A01 /* TextToSpeechView.swift */,
				1E28DBB42B80F08700B52A01 /* WhatsNewView.swift */,
			);
			path = Setting;
			sourceTree = "<group>";
		};
		1EA3A8BD2B5C05CD00B1024F /* Route */ = {
			isa = PBXGroup;
			children = (
				1EA3A8BE2B5C05DE00B1024F /* Routes.swift */,
				1EA3A8C02B5C0B5000B1024F /* Router.swift */,
			);
			path = Route;
			sourceTree = "<group>";
		};
		1EC4949A2B6E6E8500058BAF /* Data */ = {
			isa = PBXGroup;
			children = (
				1EC4949C2B6E6E9A00058BAF /* Models */,
			);
			path = Data;
			sourceTree = "<group>";
		};
		1EC4949B2B6E6E8B00058BAF /* Presentation */ = {
			isa = PBXGroup;
			children = (
				1E0E8BB82B6DC3C30006C558 /* Components */,
				1E0E8BB72B6DC3B80006C558 /* ViewModels */,
				1E0E8BB62B6DC3B20006C558 /* Views */,
			);
			path = Presentation;
			sourceTree = "<group>";
		};
		1EC4949C2B6E6E9A00058BAF /* Models */ = {
			isa = PBXGroup;
			children = (
				1EC4949D2B6E6EC700058BAF /* FileModel.swift */,
				1E75D7292B7037B900BC0051 /* FolderModel.swift */,
				1E60C45F2B84C18D00F9EBCE /* WhatsNewModel.swift */,
			);
			path = Models;
			sourceTree = "<group>";
		};
/* End PBXGroup section */

/* Begin PBXNativeTarget section */
		1EA3A8612B5BDDA400B1024F /* Read */ = {
			isa = PBXNativeTarget;
			buildConfigurationList = 1EA3A8882B5BDDA500B1024F /* Build configuration list for PBXNativeTarget "Read" */;
			buildPhases = (
				1EA3A85E2B5BDDA400B1024F /* Sources */,
				1EA3A85F2B5BDDA400B1024F /* Frameworks */,
				1EA3A8602B5BDDA400B1024F /* Resources */,
			);
			buildRules = (
			);
			dependencies = (
			);
			name = Read;
			packageProductDependencies = (
				1EA862BF2B61C5CC00F459EC /* SwiftSoup */,
				1E0DFD252BA8D49400A5BD90 /* Mixpanel */,
				1EFDBCA62BCA75F3006A86BC /* GoogleGenerativeAI */,
			);
			productName = Read;
			productReference = 1EA3A8622B5BDDA400B1024F /* Read.app */;
			productType = "com.apple.product-type.application";
		};
		1EA3A8732B5BDDA500B1024F /* ReadTests */ = {
			isa = PBXNativeTarget;
			buildConfigurationList = 1EA3A88B2B5BDDA500B1024F /* Build configuration list for PBXNativeTarget "ReadTests" */;
			buildPhases = (
				1EA3A8702B5BDDA500B1024F /* Sources */,
				1EA3A8712B5BDDA500B1024F /* Frameworks */,
				1EA3A8722B5BDDA500B1024F /* Resources */,
			);
			buildRules = (
			);
			dependencies = (
				1EA3A8762B5BDDA500B1024F /* PBXTargetDependency */,
			);
			name = ReadTests;
			productName = ReadTests;
			productReference = 1EA3A8742B5BDDA500B1024F /* ReadTests.xctest */;
			productType = "com.apple.product-type.bundle.unit-test";
		};
		1EA3A87D2B5BDDA500B1024F /* ReadUITests */ = {
			isa = PBXNativeTarget;
			buildConfigurationList = 1EA3A88E2B5BDDA500B1024F /* Build configuration list for PBXNativeTarget "ReadUITests" */;
			buildPhases = (
				1EA3A87A2B5BDDA500B1024F /* Sources */,
				1EA3A87B2B5BDDA500B1024F /* Frameworks */,
				1EA3A87C2B5BDDA500B1024F /* Resources */,
			);
			buildRules = (
			);
			dependencies = (
				1EA3A8802B5BDDA500B1024F /* PBXTargetDependency */,
			);
			name = ReadUITests;
			productName = ReadUITests;
			productReference = 1EA3A87E2B5BDDA500B1024F /* ReadUITests.xctest */;
			productType = "com.apple.product-type.bundle.ui-testing";
		};
/* End PBXNativeTarget section */

/* Begin PBXProject section */
		1EA3A85A2B5BDDA400B1024F /* Project object */ = {
			isa = PBXProject;
			attributes = {
				BuildIndependentTargetsInParallel = 1;
				LastSwiftUpdateCheck = 1520;
				LastUpgradeCheck = 1520;
				TargetAttributes = {
					1EA3A8612B5BDDA400B1024F = {
						CreatedOnToolsVersion = 15.2;
					};
					1EA3A8732B5BDDA500B1024F = {
						CreatedOnToolsVersion = 15.2;
						TestTargetID = 1EA3A8612B5BDDA400B1024F;
					};
					1EA3A87D2B5BDDA500B1024F = {
						CreatedOnToolsVersion = 15.2;
						TestTargetID = 1EA3A8612B5BDDA400B1024F;
					};
				};
			};
			buildConfigurationList = 1EA3A85D2B5BDDA400B1024F /* Build configuration list for PBXProject "Read" */;
			compatibilityVersion = "Xcode 14.0";
			developmentRegion = en;
			hasScannedForEncodings = 0;
			knownRegions = (
				en,
				Base,
			);
			mainGroup = 1EA3A8592B5BDDA400B1024F;
			packageReferences = (
				1EA862BE2B61C5CC00F459EC /* XCRemoteSwiftPackageReference "SwiftSoup" */,
				1E0DFD242BA8D49400A5BD90 /* XCRemoteSwiftPackageReference "mixpanel-swift" */,
				1EFDBCA52BCA75F3006A86BC /* XCRemoteSwiftPackageReference "generative-ai-swift" */,
			);
			productRefGroup = 1EA3A8632B5BDDA400B1024F /* Products */;
			projectDirPath = "";
			projectRoot = "";
			targets = (
				1EA3A8612B5BDDA400B1024F /* Read */,
				1EA3A8732B5BDDA500B1024F /* ReadTests */,
				1EA3A87D2B5BDDA500B1024F /* ReadUITests */,
			);
		};
/* End PBXProject section */

/* Begin PBXResourcesBuildPhase section */
		1EA3A8602B5BDDA400B1024F /* Resources */ = {
			isa = PBXResourcesBuildPhase;
			buildActionMask = 2147483647;
			files = (
				1E2E9ED22BD826FE00E41CD3 /* Secrets-Info.plist in Resources */,
				1EA3A86F2B5BDDA500B1024F /* Preview Assets.xcassets in Resources */,
				1EA3A86C2B5BDDA500B1024F /* Assets.xcassets in Resources */,
			);
			runOnlyForDeploymentPostprocessing = 0;
		};
		1EA3A8722B5BDDA500B1024F /* Resources */ = {
			isa = PBXResourcesBuildPhase;
			buildActionMask = 2147483647;
			files = (
			);
			runOnlyForDeploymentPostprocessing = 0;
		};
		1EA3A87C2B5BDDA500B1024F /* Resources */ = {
			isa = PBXResourcesBuildPhase;
			buildActionMask = 2147483647;
			files = (
			);
			runOnlyForDeploymentPostprocessing = 0;
		};
/* End PBXResourcesBuildPhase section */

/* Begin PBXSourcesBuildPhase section */
		1EA3A85E2B5BDDA400B1024F /* Sources */ = {
			isa = PBXSourcesBuildPhase;
			buildActionMask = 2147483647;
			files = (
				1E0CED762B6BEA74000D9B6C /* HighlightedTextView.swift in Sources */,
				1EA3A8A72B5BE9AC00B1024F /* Symbols.swift in Sources */,
				1E75D7342B70724700BC0051 /* FolderView.swift in Sources */,
				1E6CF05F2B85657900CE4211 /* AppButton.swift in Sources */,
				1EE20C7C2B62828000104CC7 /* TextParser.swift in Sources */,
				1E28DBB32B80EB3D00B52A01 /* VoiceSelectorSheet.swift in Sources */,
				1EA3A8BF2B5C05DE00B1024F /* Routes.swift in Sources */,
				1E28DBBA2B81098B00B52A01 /* DisplayStyle.swift in Sources */,
				1EA3A8A12B5BE68800B1024F /* SnackbarComponent.swift in Sources */,
				1E75D72A2B7037B900BC0051 /* FolderModel.swift in Sources */,
				1E28DBB52B80F08700B52A01 /* WhatsNewView.swift in Sources */,
				1EFDBCAB2BCA8EAC006A86BC /* ReadError.swift in Sources */,
				1EC4949E2B6E6EC700058BAF /* FileModel.swift in Sources */,
				1E75D72E2B7056BF00BC0051 /* EnterUrlSheet.swift in Sources */,
				1E2E9ED62BD8278B00E41CD3 /* ApiKey.swift in Sources */,
				1EF5B91F2B8B9A7900116C68 /* NotificationService.swift in Sources */,
				1E3BF8E72B758FED001F87DB /* SettingsItem.swift in Sources */,
				1E0A3B9C2B71A44E00C173FB /* RenameSheet.swift in Sources */,
				1EDE7C7B2B6FE7E600D50213 /* SelectingToolBar.swift in Sources */,
				1EE20C802B62892D00104CC7 /* PlayerView.swift in Sources */,
				1E28DBAD2B80B9B200B52A01 /* TextToSpeechView.swift in Sources */,
				1EA3A8AD2B5BED9C00B1024F /* HomeView.swift in Sources */,
				1EA3A89D2B5BE31B00B1024F /* AppStateService.swift in Sources */,
				1E75D7322B706E0200BC0051 /* MoveFilesView.swift in Sources */,
				1E28DBAB2B80B60400B52A01 /* AboutAppView.swift in Sources */,
				1E0E8BC62B6DCFDA0006C558 /* DatabaseService.swift in Sources */,
				1EA3A8682B5BDDA400B1024F /* ContentView.swift in Sources */,
				1EE20C7E2B62831300104CC7 /* SpeechService.swift in Sources */,
				1E9CA7812B6679B1006DB304 /* SpeechScreen.swift in Sources */,
				1E4DE45B2BA8F2040089D862 /* EnterTextView.swift in Sources */,
				1EA3A8C32B5C185600B1024F /* AppearanceView.swift in Sources */,
				1E0DFD202BA8C56000A5BD90 /* AnalyticService.swift in Sources */,
				1EA3A8662B5BDDA400B1024F /* ReadApp.swift in Sources */,
				1EC4DEFB2B8A2CC40047C1DF /* WaveForm.swift in Sources */,
				1E75D72C2B703A7800BC0051 /* CreateFolderSheet.swift in Sources */,
				1E853D332B9C7AB400F2700A /* GoToPageSheet.swift in Sources */,
				1EE9A1E32BA9B128002F5745 /* TextFieldView.swift in Sources */,
				1EFDBCA92BCA8317006A86BC /* LoaderComponent.swift in Sources */,
				1E9CA7832B668AF4006DB304 /* Extentions.swift in Sources */,
				1E2B43EC2B6AFAF7000BBEF6 /* CustomSliderSheet.swift in Sources */,
				1E60C4602B84C18D00F9EBCE /* WhatsNewModel.swift in Sources */,
				1E28DBB82B81096000B52A01 /* AppTheme.swift in Sources */,
				1EA3A8C12B5C0B5000B1024F /* Router.swift in Sources */,
				1E0E8BC22B6DC6D20006C558 /* LibraryViewModel.swift in Sources */,
				1EB92D7E2B71216500CD5FCF /* DefaultToolBar.swift in Sources */,
				1E2B43EA2B6A9CCB000BBEF6 /* GridTileView.swift in Sources */,
				1EA3A8B32B5BEDD500B1024F /* SettingsView.swift in Sources */,
				1E9CA77D2B667091006DB304 /* ListTileView.swift in Sources */,
				1EA3A8B02B5BEDB600B1024F /* LibraryView.swift in Sources */,
				1E28DBB12B80D8F900B52A01 /* Constants.swift in Sources */,
				1E28DBAF2B80BBB500B52A01 /* SettingsViewModel.swift in Sources */,
			);
			runOnlyForDeploymentPostprocessing = 0;
		};
		1EA3A8702B5BDDA500B1024F /* Sources */ = {
			isa = PBXSourcesBuildPhase;
			buildActionMask = 2147483647;
			files = (
				1EA3A8792B5BDDA500B1024F /* ReadTests.swift in Sources */,
			);
			runOnlyForDeploymentPostprocessing = 0;
		};
		1EA3A87A2B5BDDA500B1024F /* Sources */ = {
			isa = PBXSourcesBuildPhase;
			buildActionMask = 2147483647;
			files = (
				1EA3A8852B5BDDA500B1024F /* ReadUITestsLaunchTests.swift in Sources */,
				1EA3A8832B5BDDA500B1024F /* ReadUITests.swift in Sources */,
			);
			runOnlyForDeploymentPostprocessing = 0;
		};
/* End PBXSourcesBuildPhase section */

/* Begin PBXTargetDependency section */
		1EA3A8762B5BDDA500B1024F /* PBXTargetDependency */ = {
			isa = PBXTargetDependency;
			target = 1EA3A8612B5BDDA400B1024F /* Read */;
			targetProxy = 1EA3A8752B5BDDA500B1024F /* PBXContainerItemProxy */;
		};
		1EA3A8802B5BDDA500B1024F /* PBXTargetDependency */ = {
			isa = PBXTargetDependency;
			target = 1EA3A8612B5BDDA400B1024F /* Read */;
			targetProxy = 1EA3A87F2B5BDDA500B1024F /* PBXContainerItemProxy */;
		};
/* End PBXTargetDependency section */

/* Begin XCBuildConfiguration section */
		1EA3A8862B5BDDA500B1024F /* Debug */ = {
			isa = XCBuildConfiguration;
			buildSettings = {
				ALWAYS_SEARCH_USER_PATHS = NO;
				ASSETCATALOG_COMPILER_GENERATE_SWIFT_ASSET_SYMBOL_EXTENSIONS = YES;
				CLANG_ANALYZER_NONNULL = YES;
				CLANG_ANALYZER_NUMBER_OBJECT_CONVERSION = YES_AGGRESSIVE;
				CLANG_CXX_LANGUAGE_STANDARD = "gnu++20";
				CLANG_ENABLE_MODULES = YES;
				CLANG_ENABLE_OBJC_ARC = YES;
				CLANG_ENABLE_OBJC_WEAK = YES;
				CLANG_WARN_BLOCK_CAPTURE_AUTORELEASING = YES;
				CLANG_WARN_BOOL_CONVERSION = YES;
				CLANG_WARN_COMMA = YES;
				CLANG_WARN_CONSTANT_CONVERSION = YES;
				CLANG_WARN_DEPRECATED_OBJC_IMPLEMENTATIONS = YES;
				CLANG_WARN_DIRECT_OBJC_ISA_USAGE = YES_ERROR;
				CLANG_WARN_DOCUMENTATION_COMMENTS = YES;
				CLANG_WARN_EMPTY_BODY = YES;
				CLANG_WARN_ENUM_CONVERSION = YES;
				CLANG_WARN_INFINITE_RECURSION = YES;
				CLANG_WARN_INT_CONVERSION = YES;
				CLANG_WARN_NON_LITERAL_NULL_CONVERSION = YES;
				CLANG_WARN_OBJC_IMPLICIT_RETAIN_SELF = YES;
				CLANG_WARN_OBJC_LITERAL_CONVERSION = YES;
				CLANG_WARN_OBJC_ROOT_CLASS = YES_ERROR;
				CLANG_WARN_QUOTED_INCLUDE_IN_FRAMEWORK_HEADER = YES;
				CLANG_WARN_RANGE_LOOP_ANALYSIS = YES;
				CLANG_WARN_STRICT_PROTOTYPES = YES;
				CLANG_WARN_SUSPICIOUS_MOVE = YES;
				CLANG_WARN_UNGUARDED_AVAILABILITY = YES_AGGRESSIVE;
				CLANG_WARN_UNREACHABLE_CODE = YES;
				CLANG_WARN__DUPLICATE_METHOD_MATCH = YES;
				COPY_PHASE_STRIP = NO;
				DEBUG_INFORMATION_FORMAT = dwarf;
				ENABLE_STRICT_OBJC_MSGSEND = YES;
				ENABLE_TESTABILITY = YES;
				ENABLE_USER_SCRIPT_SANDBOXING = YES;
				GCC_C_LANGUAGE_STANDARD = gnu17;
				GCC_DYNAMIC_NO_PIC = NO;
				GCC_NO_COMMON_BLOCKS = YES;
				GCC_OPTIMIZATION_LEVEL = 0;
				GCC_PREPROCESSOR_DEFINITIONS = (
					"DEBUG=1",
					"$(inherited)",
				);
				GCC_WARN_64_TO_32_BIT_CONVERSION = YES;
				GCC_WARN_ABOUT_RETURN_TYPE = YES_ERROR;
				GCC_WARN_UNDECLARED_SELECTOR = YES;
				GCC_WARN_UNINITIALIZED_AUTOS = YES_AGGRESSIVE;
				GCC_WARN_UNUSED_FUNCTION = YES;
				GCC_WARN_UNUSED_VARIABLE = YES;
				IPHONEOS_DEPLOYMENT_TARGET = 17.2;
				LOCALIZATION_PREFERS_STRING_CATALOGS = YES;
				MTL_ENABLE_DEBUG_INFO = INCLUDE_SOURCE;
				MTL_FAST_MATH = YES;
				ONLY_ACTIVE_ARCH = YES;
				SDKROOT = iphoneos;
				SWIFT_ACTIVE_COMPILATION_CONDITIONS = "DEBUG $(inherited)";
				SWIFT_OPTIMIZATION_LEVEL = "-Onone";
			};
			name = Debug;
		};
		1EA3A8872B5BDDA500B1024F /* Release */ = {
			isa = XCBuildConfiguration;
			buildSettings = {
				ALWAYS_SEARCH_USER_PATHS = NO;
				ASSETCATALOG_COMPILER_GENERATE_SWIFT_ASSET_SYMBOL_EXTENSIONS = YES;
				CLANG_ANALYZER_NONNULL = YES;
				CLANG_ANALYZER_NUMBER_OBJECT_CONVERSION = YES_AGGRESSIVE;
				CLANG_CXX_LANGUAGE_STANDARD = "gnu++20";
				CLANG_ENABLE_MODULES = YES;
				CLANG_ENABLE_OBJC_ARC = YES;
				CLANG_ENABLE_OBJC_WEAK = YES;
				CLANG_WARN_BLOCK_CAPTURE_AUTORELEASING = YES;
				CLANG_WARN_BOOL_CONVERSION = YES;
				CLANG_WARN_COMMA = YES;
				CLANG_WARN_CONSTANT_CONVERSION = YES;
				CLANG_WARN_DEPRECATED_OBJC_IMPLEMENTATIONS = YES;
				CLANG_WARN_DIRECT_OBJC_ISA_USAGE = YES_ERROR;
				CLANG_WARN_DOCUMENTATION_COMMENTS = YES;
				CLANG_WARN_EMPTY_BODY = YES;
				CLANG_WARN_ENUM_CONVERSION = YES;
				CLANG_WARN_INFINITE_RECURSION = YES;
				CLANG_WARN_INT_CONVERSION = YES;
				CLANG_WARN_NON_LITERAL_NULL_CONVERSION = YES;
				CLANG_WARN_OBJC_IMPLICIT_RETAIN_SELF = YES;
				CLANG_WARN_OBJC_LITERAL_CONVERSION = YES;
				CLANG_WARN_OBJC_ROOT_CLASS = YES_ERROR;
				CLANG_WARN_QUOTED_INCLUDE_IN_FRAMEWORK_HEADER = YES;
				CLANG_WARN_RANGE_LOOP_ANALYSIS = YES;
				CLANG_WARN_STRICT_PROTOTYPES = YES;
				CLANG_WARN_SUSPICIOUS_MOVE = YES;
				CLANG_WARN_UNGUARDED_AVAILABILITY = YES_AGGRESSIVE;
				CLANG_WARN_UNREACHABLE_CODE = YES;
				CLANG_WARN__DUPLICATE_METHOD_MATCH = YES;
				COPY_PHASE_STRIP = NO;
				DEBUG_INFORMATION_FORMAT = "dwarf-with-dsym";
				ENABLE_NS_ASSERTIONS = NO;
				ENABLE_STRICT_OBJC_MSGSEND = YES;
				ENABLE_USER_SCRIPT_SANDBOXING = YES;
				GCC_C_LANGUAGE_STANDARD = gnu17;
				GCC_NO_COMMON_BLOCKS = YES;
				GCC_WARN_64_TO_32_BIT_CONVERSION = YES;
				GCC_WARN_ABOUT_RETURN_TYPE = YES_ERROR;
				GCC_WARN_UNDECLARED_SELECTOR = YES;
				GCC_WARN_UNINITIALIZED_AUTOS = YES_AGGRESSIVE;
				GCC_WARN_UNUSED_FUNCTION = YES;
				GCC_WARN_UNUSED_VARIABLE = YES;
				IPHONEOS_DEPLOYMENT_TARGET = 17.2;
				LOCALIZATION_PREFERS_STRING_CATALOGS = YES;
				MTL_ENABLE_DEBUG_INFO = NO;
				MTL_FAST_MATH = YES;
				SDKROOT = iphoneos;
				SWIFT_COMPILATION_MODE = wholemodule;
				VALIDATE_PRODUCT = YES;
			};
			name = Release;
		};
		1EA3A8892B5BDDA500B1024F /* Debug */ = {
			isa = XCBuildConfiguration;
			buildSettings = {
				ASSETCATALOG_COMPILER_APPICON_NAME = AppIcon;
				ASSETCATALOG_COMPILER_GLOBAL_ACCENT_COLOR_NAME = AccentColor;
				CODE_SIGN_STYLE = Automatic;
				CURRENT_PROJECT_VERSION = 4;
				DEVELOPMENT_ASSET_PATHS = "\"Read/Preview Content\"";
				DEVELOPMENT_TEAM = YYA8WP4LNJ;
				ENABLE_PREVIEWS = YES;
				GENERATE_INFOPLIST_FILE = YES;
				INFOPLIST_FILE = Read/Info.plist;
				INFOPLIST_KEY_CFBundleDisplayName = Read;
				INFOPLIST_KEY_LSApplicationCategoryType = "public.app-category.books";
				INFOPLIST_KEY_NSPhotoLibraryUsageDescription = "Allow access to photos to upload photos from your library.";
				INFOPLIST_KEY_UIApplicationSceneManifest_Generation = YES;
				INFOPLIST_KEY_UIApplicationSupportsIndirectInputEvents = YES;
				INFOPLIST_KEY_UILaunchScreen_Generation = YES;
				INFOPLIST_KEY_UISupportedInterfaceOrientations_iPad = "UIInterfaceOrientationPortrait UIInterfaceOrientationPortraitUpsideDown UIInterfaceOrientationLandscapeLeft UIInterfaceOrientationLandscapeRight";
				INFOPLIST_KEY_UISupportedInterfaceOrientations_iPhone = "UIInterfaceOrientationPortrait UIInterfaceOrientationLandscapeLeft UIInterfaceOrientationLandscapeRight";
				IPHONEOS_DEPLOYMENT_TARGET = 17.1;
				LD_RUNPATH_SEARCH_PATHS = (
					"$(inherited)",
					"@executable_path/Frameworks",
				);
				MARKETING_VERSION = 1.0.3;
				PRODUCT_BUNDLE_IDENTIFIER = com.ifeanyi.Read;
				PRODUCT_NAME = "$(TARGET_NAME)";
				SWIFT_EMIT_LOC_STRINGS = YES;
				SWIFT_VERSION = 5.0;
				TARGETED_DEVICE_FAMILY = "1,2";
			};
			name = Debug;
		};
		1EA3A88A2B5BDDA500B1024F /* Release */ = {
			isa = XCBuildConfiguration;
			buildSettings = {
				ASSETCATALOG_COMPILER_APPICON_NAME = AppIcon;
				ASSETCATALOG_COMPILER_GLOBAL_ACCENT_COLOR_NAME = AccentColor;
				CODE_SIGN_STYLE = Automatic;
				CURRENT_PROJECT_VERSION = 4;
				DEVELOPMENT_ASSET_PATHS = "\"Read/Preview Content\"";
				DEVELOPMENT_TEAM = YYA8WP4LNJ;
				ENABLE_PREVIEWS = YES;
				GENERATE_INFOPLIST_FILE = YES;
				INFOPLIST_FILE = Read/Info.plist;
				INFOPLIST_KEY_CFBundleDisplayName = Read;
				INFOPLIST_KEY_LSApplicationCategoryType = "public.app-category.books";
				INFOPLIST_KEY_NSPhotoLibraryUsageDescription = "Allow access to photos to upload photos from your library.";
				INFOPLIST_KEY_UIApplicationSceneManifest_Generation = YES;
				INFOPLIST_KEY_UIApplicationSupportsIndirectInputEvents = YES;
				INFOPLIST_KEY_UILaunchScreen_Generation = YES;
				INFOPLIST_KEY_UISupportedInterfaceOrientations_iPad = "UIInterfaceOrientationPortrait UIInterfaceOrientationPortraitUpsideDown UIInterfaceOrientationLandscapeLeft UIInterfaceOrientationLandscapeRight";
				INFOPLIST_KEY_UISupportedInterfaceOrientations_iPhone = "UIInterfaceOrientationPortrait UIInterfaceOrientationLandscapeLeft UIInterfaceOrientationLandscapeRight";
				IPHONEOS_DEPLOYMENT_TARGET = 17.1;
				LD_RUNPATH_SEARCH_PATHS = (
					"$(inherited)",
					"@executable_path/Frameworks",
				);
				MARKETING_VERSION = 1.0.3;
				PRODUCT_BUNDLE_IDENTIFIER = com.ifeanyi.Read;
				PRODUCT_NAME = "$(TARGET_NAME)";
				SWIFT_EMIT_LOC_STRINGS = YES;
				SWIFT_VERSION = 5.0;
				TARGETED_DEVICE_FAMILY = "1,2";
			};
			name = Release;
		};
		1EA3A88C2B5BDDA500B1024F /* Debug */ = {
			isa = XCBuildConfiguration;
			buildSettings = {
				ALWAYS_EMBED_SWIFT_STANDARD_LIBRARIES = YES;
				BUNDLE_LOADER = "$(TEST_HOST)";
				CODE_SIGN_STYLE = Automatic;
				CURRENT_PROJECT_VERSION = 1;
				DEVELOPMENT_TEAM = YYA8WP4LNJ;
				GENERATE_INFOPLIST_FILE = YES;
				IPHONEOS_DEPLOYMENT_TARGET = 17.2;
				MARKETING_VERSION = 1.0;
				PRODUCT_BUNDLE_IDENTIFIER = com.ifeanyi.ReadTests;
				PRODUCT_NAME = "$(TARGET_NAME)";
				SWIFT_EMIT_LOC_STRINGS = NO;
				SWIFT_VERSION = 5.0;
				TARGETED_DEVICE_FAMILY = "1,2";
				TEST_HOST = "$(BUILT_PRODUCTS_DIR)/Read.app/$(BUNDLE_EXECUTABLE_FOLDER_PATH)/Read";
			};
			name = Debug;
		};
		1EA3A88D2B5BDDA500B1024F /* Release */ = {
			isa = XCBuildConfiguration;
			buildSettings = {
				ALWAYS_EMBED_SWIFT_STANDARD_LIBRARIES = YES;
				BUNDLE_LOADER = "$(TEST_HOST)";
				CODE_SIGN_STYLE = Automatic;
				CURRENT_PROJECT_VERSION = 1;
				DEVELOPMENT_TEAM = YYA8WP4LNJ;
				GENERATE_INFOPLIST_FILE = YES;
				IPHONEOS_DEPLOYMENT_TARGET = 17.2;
				MARKETING_VERSION = 1.0;
				PRODUCT_BUNDLE_IDENTIFIER = com.ifeanyi.ReadTests;
				PRODUCT_NAME = "$(TARGET_NAME)";
				SWIFT_EMIT_LOC_STRINGS = NO;
				SWIFT_VERSION = 5.0;
				TARGETED_DEVICE_FAMILY = "1,2";
				TEST_HOST = "$(BUILT_PRODUCTS_DIR)/Read.app/$(BUNDLE_EXECUTABLE_FOLDER_PATH)/Read";
			};
			name = Release;
		};
		1EA3A88F2B5BDDA500B1024F /* Debug */ = {
			isa = XCBuildConfiguration;
			buildSettings = {
				ALWAYS_EMBED_SWIFT_STANDARD_LIBRARIES = YES;
				CODE_SIGN_STYLE = Automatic;
				CURRENT_PROJECT_VERSION = 1;
				DEVELOPMENT_TEAM = YYA8WP4LNJ;
				GENERATE_INFOPLIST_FILE = YES;
				MARKETING_VERSION = 1.0;
				PRODUCT_BUNDLE_IDENTIFIER = com.ifeanyi.ReadUITests;
				PRODUCT_NAME = "$(TARGET_NAME)";
				SWIFT_EMIT_LOC_STRINGS = NO;
				SWIFT_VERSION = 5.0;
				TARGETED_DEVICE_FAMILY = "1,2";
				TEST_TARGET_NAME = Read;
			};
			name = Debug;
		};
		1EA3A8902B5BDDA500B1024F /* Release */ = {
			isa = XCBuildConfiguration;
			buildSettings = {
				ALWAYS_EMBED_SWIFT_STANDARD_LIBRARIES = YES;
				CODE_SIGN_STYLE = Automatic;
				CURRENT_PROJECT_VERSION = 1;
				DEVELOPMENT_TEAM = YYA8WP4LNJ;
				GENERATE_INFOPLIST_FILE = YES;
				MARKETING_VERSION = 1.0;
				PRODUCT_BUNDLE_IDENTIFIER = com.ifeanyi.ReadUITests;
				PRODUCT_NAME = "$(TARGET_NAME)";
				SWIFT_EMIT_LOC_STRINGS = NO;
				SWIFT_VERSION = 5.0;
				TARGETED_DEVICE_FAMILY = "1,2";
				TEST_TARGET_NAME = Read;
			};
			name = Release;
		};
/* End XCBuildConfiguration section */

/* Begin XCConfigurationList section */
		1EA3A85D2B5BDDA400B1024F /* Build configuration list for PBXProject "Read" */ = {
			isa = XCConfigurationList;
			buildConfigurations = (
				1EA3A8862B5BDDA500B1024F /* Debug */,
				1EA3A8872B5BDDA500B1024F /* Release */,
			);
			defaultConfigurationIsVisible = 0;
			defaultConfigurationName = Release;
		};
		1EA3A8882B5BDDA500B1024F /* Build configuration list for PBXNativeTarget "Read" */ = {
			isa = XCConfigurationList;
			buildConfigurations = (
				1EA3A8892B5BDDA500B1024F /* Debug */,
				1EA3A88A2B5BDDA500B1024F /* Release */,
			);
			defaultConfigurationIsVisible = 0;
			defaultConfigurationName = Release;
		};
		1EA3A88B2B5BDDA500B1024F /* Build configuration list for PBXNativeTarget "ReadTests" */ = {
			isa = XCConfigurationList;
			buildConfigurations = (
				1EA3A88C2B5BDDA500B1024F /* Debug */,
				1EA3A88D2B5BDDA500B1024F /* Release */,
			);
			defaultConfigurationIsVisible = 0;
			defaultConfigurationName = Release;
		};
		1EA3A88E2B5BDDA500B1024F /* Build configuration list for PBXNativeTarget "ReadUITests" */ = {
			isa = XCConfigurationList;
			buildConfigurations = (
				1EA3A88F2B5BDDA500B1024F /* Debug */,
				1EA3A8902B5BDDA500B1024F /* Release */,
			);
			defaultConfigurationIsVisible = 0;
			defaultConfigurationName = Release;
		};
/* End XCConfigurationList section */

/* Begin XCRemoteSwiftPackageReference section */
		1E0DFD242BA8D49400A5BD90 /* XCRemoteSwiftPackageReference "mixpanel-swift" */ = {
			isa = XCRemoteSwiftPackageReference;
			repositoryURL = "https://github.com/mixpanel/mixpanel-swift";
			requirement = {
				kind = exactVersion;
				version = 4.2.2;
			};
		};
		1EA862BE2B61C5CC00F459EC /* XCRemoteSwiftPackageReference "SwiftSoup" */ = {
			isa = XCRemoteSwiftPackageReference;
			repositoryURL = "https://github.com/scinfu/SwiftSoup.git";
			requirement = {
				kind = exactVersion;
				version = 2.7.2;
			};
		};
		1EFDBCA52BCA75F3006A86BC /* XCRemoteSwiftPackageReference "generative-ai-swift" */ = {
			isa = XCRemoteSwiftPackageReference;
			repositoryURL = "https://github.com/google/generative-ai-swift";
			requirement = {
				kind = upToNextMajorVersion;
				minimumVersion = 0.4.11;
			};
		};
/* End XCRemoteSwiftPackageReference section */

/* Begin XCSwiftPackageProductDependency section */
		1E0DFD252BA8D49400A5BD90 /* Mixpanel */ = {
			isa = XCSwiftPackageProductDependency;
			package = 1E0DFD242BA8D49400A5BD90 /* XCRemoteSwiftPackageReference "mixpanel-swift" */;
			productName = Mixpanel;
		};
		1EA862BF2B61C5CC00F459EC /* SwiftSoup */ = {
			isa = XCSwiftPackageProductDependency;
			package = 1EA862BE2B61C5CC00F459EC /* XCRemoteSwiftPackageReference "SwiftSoup" */;
			productName = SwiftSoup;
		};
		1EFDBCA62BCA75F3006A86BC /* GoogleGenerativeAI */ = {
			isa = XCSwiftPackageProductDependency;
			package = 1EFDBCA52BCA75F3006A86BC /* XCRemoteSwiftPackageReference "generative-ai-swift" */;
			productName = GoogleGenerativeAI;
		};
/* End XCSwiftPackageProductDependency section */
	};
	rootObject = 1EA3A85A2B5BDDA400B1024F /* Project object */;
}
